// !$*UTF8*$!
{
	archiveVersion = 1;
	classes = {
	};
	objectVersion = 50;
	objects = {

/* Begin PBXBuildFile section */
		D84C485629F4758700D51F20 /* Set2App.swift in Sources */ = {isa = PBXBuildFile; fileRef = D84C485529F4758700D51F20 /* Set2App.swift */; };
		D84C485829F4758700D51F20 /* ContentView.swift in Sources */ = {isa = PBXBuildFile; fileRef = D84C485729F4758700D51F20 /* ContentView.swift */; };
		D84C485A29F4758800D51F20 /* Assets.xcassets in Resources */ = {isa = PBXBuildFile; fileRef = D84C485929F4758800D51F20 /* Assets.xcassets */; };
		D84C485D29F4758800D51F20 /* Preview Assets.xcassets in Resources */ = {isa = PBXBuildFile; fileRef = D84C485C29F4758800D51F20 /* Preview Assets.xcassets */; };
		D84C486629F4763500D51F20 /* SetGame.swift in Sources */ = {isa = PBXBuildFile; fileRef = D84C486529F4763500D51F20 /* SetGame.swift */; };
		D84C486929F4764600D51F20 /* SetCard.swift in Sources */ = {isa = PBXBuildFile; fileRef = D84C486829F4764600D51F20 /* SetCard.swift */; };
		D84C486C29F4765800D51F20 /* SetCardDeck.swift in Sources */ = {isa = PBXBuildFile; fileRef = D84C486B29F4765800D51F20 /* SetCardDeck.swift */; };
		D84C486F29F47DAF00D51F20 /* Squiggle.swift in Sources */ = {isa = PBXBuildFile; fileRef = D84C486E29F47DAF00D51F20 /* Squiggle.swift */; };
		D84C487229F47FB500D51F20 /* AspectVGrid.swift in Sources */ = {isa = PBXBuildFile; fileRef = D84C487129F47FB500D51F20 /* AspectVGrid.swift */; };
		D84C487529F484D100D51F20 /* Oval.swift in Sources */ = {isa = PBXBuildFile; fileRef = D84C487429F484D100D51F20 /* Oval.swift */; };
		D84C487829F484DF00D51F20 /* diamond.swift in Sources */ = {isa = PBXBuildFile; fileRef = D84C487729F484DF00D51F20 /* diamond.swift */; };
/* End PBXBuildFile section */

/* Begin PBXFileReference section */
		D84C485229F4758600D51F20 /* Set2.app */ = {isa = PBXFileReference; explicitFileType = wrapper.application; includeInIndex = 0; path = Set2.app; sourceTree = BUILT_PRODUCTS_DIR; };
		D84C485529F4758700D51F20 /* Set2App.swift */ = {isa = PBXFileReference; lastKnownFileType = sourcecode.swift; path = Set2App.swift; sourceTree = "<group>"; };
		D84C485729F4758700D51F20 /* ContentView.swift */ = {isa = PBXFileReference; lastKnownFileType = sourcecode.swift; path = ContentView.swift; sourceTree = "<group>"; };
		D84C485929F4758800D51F20 /* Assets.xcassets */ = {isa = PBXFileReference; lastKnownFileType = folder.assetcatalog; path = Assets.xcassets; sourceTree = "<group>"; };
		D84C485C29F4758800D51F20 /* Preview Assets.xcassets */ = {isa = PBXFileReference; lastKnownFileType = folder.assetcatalog; path = "Preview Assets.xcassets"; sourceTree = "<group>"; };
		D84C485E29F4758800D51F20 /* Info.plist */ = {isa = PBXFileReference; lastKnownFileType = text.plist.xml; path = Info.plist; sourceTree = "<group>"; };
		D84C486529F4763500D51F20 /* SetGame.swift */ = {isa = PBXFileReference; lastKnownFileType = sourcecode.swift; path = SetGame.swift; sourceTree = "<group>"; };
		D84C486829F4764600D51F20 /* SetCard.swift */ = {isa = PBXFileReference; lastKnownFileType = sourcecode.swift; path = SetCard.swift; sourceTree = "<group>"; };
		D84C486B29F4765800D51F20 /* SetCardDeck.swift */ = {isa = PBXFileReference; lastKnownFileType = sourcecode.swift; path = SetCardDeck.swift; sourceTree = "<group>"; };
		D84C486E29F47DAF00D51F20 /* Squiggle.swift */ = {isa = PBXFileReference; lastKnownFileType = sourcecode.swift; path = Squiggle.swift; sourceTree = "<group>"; };
		D84C487129F47FB500D51F20 /* AspectVGrid.swift */ = {isa = PBXFileReference; lastKnownFileType = sourcecode.swift; path = AspectVGrid.swift; sourceTree = "<group>"; };
		D84C487429F484D100D51F20 /* Oval.swift */ = {isa = PBXFileReference; lastKnownFileType = sourcecode.swift; path = Oval.swift; sourceTree = "<group>"; };
		D84C487729F484DF00D51F20 /* diamond.swift */ = {isa = PBXFileReference; lastKnownFileType = sourcecode.swift; path = diamond.swift; sourceTree = "<group>"; };
/* End PBXFileReference section */

/* Begin PBXFrameworksBuildPhase section */
		D84C484F29F4758600D51F20 /* Frameworks */ = {
			isa = PBXFrameworksBuildPhase;
			buildActionMask = 2147483647;
			files = (
			);
			runOnlyForDeploymentPostprocessing = 0;
		};
/* End PBXFrameworksBuildPhase section */

/* Begin PBXGroup section */
		D84C484929F4758600D51F20 = {
			isa = PBXGroup;
			children = (
				D84C485429F4758600D51F20 /* Set2 */,
				D84C485329F4758600D51F20 /* Products */,
			);
			sourceTree = "<group>";
		};
		D84C485329F4758600D51F20 /* Products */ = {
			isa = PBXGroup;
			children = (
				D84C485229F4758600D51F20 /* Set2.app */,
			);
			name = Products;
			sourceTree = "<group>";
		};
		D84C485429F4758600D51F20 /* Set2 */ = {
			isa = PBXGroup;
			children = (
				D84C487129F47FB500D51F20 /* AspectVGrid.swift */,
				D84C485529F4758700D51F20 /* Set2App.swift */,
				D84C485729F4758700D51F20 /* ContentView.swift */,
				D84C486E29F47DAF00D51F20 /* Squiggle.swift */,
				D84C487429F484D100D51F20 /* Oval.swift */,
				D84C487729F484DF00D51F20 /* diamond.swift */,
				D84C486529F4763500D51F20 /* SetGame.swift */,
				D84C486829F4764600D51F20 /* SetCard.swift */,
				D84C486B29F4765800D51F20 /* SetCardDeck.swift */,
				D84C485929F4758800D51F20 /* Assets.xcassets */,
				D84C485E29F4758800D51F20 /* Info.plist */,
				D84C485B29F4758800D51F20 /* Preview Content */,
			);
			path = Set2;
			sourceTree = "<group>";
		};
		D84C485B29F4758800D51F20 /* Preview Content */ = {
			isa = PBXGroup;
			children = (
				D84C485C29F4758800D51F20 /* Preview Assets.xcassets */,
			);
			path = "Preview Content";
			sourceTree = "<group>";
		};
/* End PBXGroup section */

/* Begin PBXNativeTarget section */
		D84C485129F4758600D51F20 /* Set2 */ = {
			isa = PBXNativeTarget;
			buildConfigurationList = D84C486129F4758800D51F20 /* Build configuration list for PBXNativeTarget "Set2" */;
			buildPhases = (
				D84C484E29F4758600D51F20 /* Sources */,
				D84C484F29F4758600D51F20 /* Frameworks */,
				D84C485029F4758600D51F20 /* Resources */,
			);
			buildRules = (
			);
			dependencies = (
			);
			name = Set2;
			productName = Set2;
			productReference = D84C485229F4758600D51F20 /* Set2.app */;
			productType = "com.apple.product-type.application";
		};
/* End PBXNativeTarget section */

/* Begin PBXProject section */
		D84C484A29F4758600D51F20 /* Project object */ = {
			isa = PBXProject;
			attributes = {
				LastSwiftUpdateCheck = 1240;
				LastUpgradeCheck = 1240;
				TargetAttributes = {
					D84C485129F4758600D51F20 = {
						CreatedOnToolsVersion = 12.4;
					};
				};
			};
			buildConfigurationList = D84C484D29F4758600D51F20 /* Build configuration list for PBXProject "Set2" */;
			compatibilityVersion = "Xcode 9.3";
			developmentRegion = en;
			hasScannedForEncodings = 0;
			knownRegions = (
				en,
				Base,
			);
			mainGroup = D84C484929F4758600D51F20;
			productRefGroup = D84C485329F4758600D51F20 /* Products */;
			projectDirPath = "";
			projectRoot = "";
			targets = (
				D84C485129F4758600D51F20 /* Set2 */,
			);
		};
/* End PBXProject section */

/* Begin PBXResourcesBuildPhase section */
		D84C485029F4758600D51F20 /* Resources */ = {
			isa = PBXResourcesBuildPhase;
			buildActionMask = 2147483647;
			files = (
				D84C485D29F4758800D51F20 /* Preview Assets.xcassets in Resources */,
				D84C485A29F4758800D51F20 /* Assets.xcassets in Resources */,
			);
			runOnlyForDeploymentPostprocessing = 0;
		};
/* End PBXResourcesBuildPhase section */

/* Begin PBXSourcesBuildPhase section */
		D84C484E29F4758600D51F20 /* Sources */ = {
			isa = PBXSourcesBuildPhase;
			buildActionMask = 2147483647;
			files = (
				D84C486F29F47DAF00D51F20 /* Squiggle.swift in Sources */,
				D84C487829F484DF00D51F20 /* diamond.swift in Sources */,
				D84C486C29F4765800D51F20 /* SetCardDeck.swift in Sources */,
				D84C487229F47FB500D51F20 /* AspectVGrid.swift in Sources */,
				D84C485829F4758700D51F20 /* ContentView.swift in Sources */,
				D84C486629F4763500D51F20 /* SetGame.swift in Sources */,
				D84C486929F4764600D51F20 /* SetCard.swift in Sources */,
				D84C485629F4758700D51F20 /* Set2App.swift in Sources */,
				D84C487529F484D100D51F20 /* Oval.swift in Sources */,
			);
			runOnlyForDeploymentPostprocessing = 0;
		};
/* End PBXSourcesBuildPhase section */

/* Begin XCBuildConfiguration section */
		D84C485F29F4758800D51F20 /* Debug */ = {
			isa = XCBuildConfiguration;
			buildSettings = {
				ALWAYS_SEARCH_USER_PATHS = NO;
				CLANG_ANALYZER_NONNULL = YES;
				CLANG_ANALYZER_NUMBER_OBJECT_CONVERSION = YES_AGGRESSIVE;
				CLANG_CXX_LANGUAGE_STANDARD = "gnu++14";
				CLANG_CXX_LIBRARY = "libc++";
				CLANG_ENABLE_MODULES = YES;
				CLANG_ENABLE_OBJC_ARC = YES;
				CLANG_ENABLE_OBJC_WEAK = YES;
				CLANG_WARN_BLOCK_CAPTURE_AUTORELEASING = YES;
				CLANG_WARN_BOOL_CONVERSION = YES;
				CLANG_WARN_COMMA = YES;
				CLANG_WARN_CONSTANT_CONVERSION = YES;
				CLANG_WARN_DEPRECATED_OBJC_IMPLEMENTATIONS = YES;
				CLANG_WARN_DIRECT_OBJC_ISA_USAGE = YES_ERROR;
				CLANG_WARN_DOCUMENTATION_COMMENTS = YES;
				CLANG_WARN_EMPTY_BODY = YES;
				CLANG_WARN_ENUM_CONVERSION = YES;
				CLANG_WARN_INFINITE_RECURSION = YES;
				CLANG_WARN_INT_CONVERSION = YES;
				CLANG_WARN_NON_LITERAL_NULL_CONVERSION = YES;
				CLANG_WARN_OBJC_IMPLICIT_RETAIN_SELF = YES;
				CLANG_WARN_OBJC_LITERAL_CONVERSION = YES;
				CLANG_WARN_OBJC_ROOT_CLASS = YES_ERROR;
				CLANG_WARN_QUOTED_INCLUDE_IN_FRAMEWORK_HEADER = YES;
				CLANG_WARN_RANGE_LOOP_ANALYSIS = YES;
				CLANG_WARN_STRICT_PROTOTYPES = YES;
				CLANG_WARN_SUSPICIOUS_MOVE = YES;
				CLANG_WARN_UNGUARDED_AVAILABILITY = YES_AGGRESSIVE;
				CLANG_WARN_UNREACHABLE_CODE = YES;
				CLANG_WARN__DUPLICATE_METHOD_MATCH = YES;
				COPY_PHASE_STRIP = NO;
				DEBUG_INFORMATION_FORMAT = dwarf;
				ENABLE_STRICT_OBJC_MSGSEND = YES;
				ENABLE_TESTABILITY = YES;
				GCC_C_LANGUAGE_STANDARD = gnu11;
				GCC_DYNAMIC_NO_PIC = NO;
				GCC_NO_COMMON_BLOCKS = YES;
				GCC_OPTIMIZATION_LEVEL = 0;
				GCC_PREPROCESSOR_DEFINITIONS = (
					"DEBUG=1",
					"$(inherited)",
				);
				GCC_WARN_64_TO_32_BIT_CONVERSION = YES;
				GCC_WARN_ABOUT_RETURN_TYPE = YES_ERROR;
				GCC_WARN_UNDECLARED_SELECTOR = YES;
				GCC_WARN_UNINITIALIZED_AUTOS = YES_AGGRESSIVE;
				GCC_WARN_UNUSED_FUNCTION = YES;
				GCC_WARN_UNUSED_VARIABLE = YES;
				IPHONEOS_DEPLOYMENT_TARGET = 14.4;
				MTL_ENABLE_DEBUG_INFO = INCLUDE_SOURCE;
				MTL_FAST_MATH = YES;
				ONLY_ACTIVE_ARCH = YES;
				SDKROOT = iphoneos;
				SWIFT_ACTIVE_COMPILATION_CONDITIONS = DEBUG;
				SWIFT_OPTIMIZATION_LEVEL = "-Onone";
			};
			name = Debug;
		};
		D84C486029F4758800D51F20 /* Release */ = {
			isa = XCBuildConfiguration;
			buildSettings = {
				ALWAYS_SEARCH_USER_PATHS = NO;
				CLANG_ANALYZER_NONNULL = YES;
				CLANG_ANALYZER_NUMBER_OBJECT_CONVERSION = YES_AGGRESSIVE;
				CLANG_CXX_LANGUAGE_STANDARD = "gnu++14";
				CLANG_CXX_LIBRARY = "libc++";
				CLANG_ENABLE_MODULES = YES;
				CLANG_ENABLE_OBJC_ARC = YES;
				CLANG_ENABLE_OBJC_WEAK = YES;
				CLANG_WARN_BLOCK_CAPTURE_AUTORELEASING = YES;
				CLANG_WARN_BOOL_CONVERSION = YES;
				CLANG_WARN_COMMA = YES;
				CLANG_WARN_CONSTANT_CONVERSION = YES;
				CLANG_WARN_DEPRECATED_OBJC_IMPLEMENTATIONS = YES;
				CLANG_WARN_DIRECT_OBJC_ISA_USAGE = YES_ERROR;
				CLANG_WARN_DOCUMENTATION_COMMENTS = YES;
				CLANG_WARN_EMPTY_BODY = YES;
				CLANG_WARN_ENUM_CONVERSION = YES;
				CLANG_WARN_INFINITE_RECURSION = YES;
				CLANG_WARN_INT_CONVERSION = YES;
				CLANG_WARN_NON_LITERAL_NULL_CONVERSION = YES;
				CLANG_WARN_OBJC_IMPLICIT_RETAIN_SELF = YES;
				CLANG_WARN_OBJC_LITERAL_CONVERSION = YES;
				CLANG_WARN_OBJC_ROOT_CLASS = YES_ERROR;
				CLANG_WARN_QUOTED_INCLUDE_IN_FRAMEWORK_HEADER = YES;
				CLANG_WARN_RANGE_LOOP_ANALYSIS = YES;
				CLANG_WARN_STRICT_PROTOTYPES = YES;
				CLANG_WARN_SUSPICIOUS_MOVE = YES;
				CLANG_WARN_UNGUARDED_AVAILABILITY = YES_AGGRESSIVE;
				CLANG_WARN_UNREACHABLE_CODE = YES;
				CLANG_WARN__DUPLICATE_METHOD_MATCH = YES;
				COPY_PHASE_STRIP = NO;
				DEBUG_INFORMATION_FORMAT = "dwarf-with-dsym";
				ENABLE_NS_ASSERTIONS = NO;
				ENABLE_STRICT_OBJC_MSGSEND = YES;
				GCC_C_LANGUAGE_STANDARD = gnu11;
				GCC_NO_COMMON_BLOCKS = YES;
				GCC_WARN_64_TO_32_BIT_CONVERSION = YES;
				GCC_WARN_ABOUT_RETURN_TYPE = YES_ERROR;
				GCC_WARN_UNDECLARED_SELECTOR = YES;
				GCC_WARN_UNINITIALIZED_AUTOS = YES_AGGRESSIVE;
				GCC_WARN_UNUSED_FUNCTION = YES;
				GCC_WARN_UNUSED_VARIABLE = YES;
				IPHONEOS_DEPLOYMENT_TARGET = 14.4;
				MTL_ENABLE_DEBUG_INFO = NO;
				MTL_FAST_MATH = YES;
				SDKROOT = iphoneos;
				SWIFT_COMPILATION_MODE = wholemodule;
				SWIFT_OPTIMIZATION_LEVEL = "-O";
				VALIDATE_PRODUCT = YES;
			};
			name = Release;
		};
		D84C486229F4758800D51F20 /* Debug */ = {
			isa = XCBuildConfiguration;
			buildSettings = {
				ASSETCATALOG_COMPILER_APPICON_NAME = AppIcon;
				ASSETCATALOG_COMPILER_GLOBAL_ACCENT_COLOR_NAME = AccentColor;
				CODE_SIGN_STYLE = Automatic;
				DEVELOPMENT_ASSET_PATHS = "\"Set2/Preview Content\"";
				DEVELOPMENT_TEAM = XJ7PMW97KF;
				ENABLE_PREVIEWS = YES;
				INFOPLIST_FILE = Set2/Info.plist;
				IPHONEOS_DEPLOYMENT_TARGET = 14.0;
				LD_RUNPATH_SEARCH_PATHS = (
					"$(inherited)",
					"@executable_path/Frameworks",
				);
				PRODUCT_BUNDLE_IDENTIFIER = "edu.cuny-lehman-cmp430.Kevin.Set2";
				PRODUCT_NAME = "$(TARGET_NAME)";
				SWIFT_VERSION = 5.0;
				TARGETED_DEVICE_FAMILY = "1,2";
			};
			name = Debug;
		};
		D84C486329F4758800D51F20 /* Release */ = {
			isa = XCBuildConfiguration;
			buildSettings = {
				ASSETCATALOG_COMPILER_APPICON_NAME = AppIcon;
				ASSETCATALOG_COMPILER_GLOBAL_ACCENT_COLOR_NAME = AccentColor;
				CODE_SIGN_STYLE = Automatic;
				DEVELOPMENT_ASSET_PATHS = "\"Set2/Preview Content\"";
				DEVELOPMENT_TEAM = XJ7PMW97KF;
				ENABLE_PREVIEWS = YES;
				INFOPLIST_FILE = Set2/Info.plist;
				IPHONEOS_DEPLOYMENT_TARGET = 14.0;
				LD_RUNPATH_SEARCH_PATHS = (
					"$(inherited)",
					"@executable_path/Frameworks",
				);
				PRODUCT_BUNDLE_IDENTIFIER = "edu.cuny-lehman-cmp430.Kevin.Set2";
				PRODUCT_NAME = "$(TARGET_NAME)";
				SWIFT_VERSION = 5.0;
				TARGETED_DEVICE_FAMILY = "1,2";
			};
			name = Release;
		};
/* End XCBuildConfiguration section */

/* Begin XCConfigurationList section */
		D84C484D29F4758600D51F20 /* Build configuration list for PBXProject "Set2" */ = {
			isa = XCConfigurationList;
			buildConfigurations = (
				D84C485F29F4758800D51F20 /* Debug */,
				D84C486029F4758800D51F20 /* Release */,
			);
			defaultConfigurationIsVisible = 0;
			defaultConfigurationName = Release;
		};
		D84C486129F4758800D51F20 /* Build configuration list for PBXNativeTarget "Set2" */ = {
			isa = XCConfigurationList;
			buildConfigurations = (
				D84C486229F4758800D51F20 /* Debug */,
				D84C486329F4758800D51F20 /* Release */,
			);
			defaultConfigurationIsVisible = 0;
			defaultConfigurationName = Release;
		};
/* End XCConfigurationList section */
	};
	rootObject = D84C484A29F4758600D51F20 /* Project object */;
}
